
Microsoft Visual Studio Solution File, Format Version 12.00
Project("{FAE04EC0-301F-11D3-BF4B-00C04F79EFBC}") = "AdventOfCode2021", "AdventOfCode2021\AdventOfCode2021.csproj", "{D153E53F-4499-4D01-89F2-8D86151C8061}"
EndProject
Global
	GlobalSection(SolutionConfigurationPlatforms) = preSolution
		Debug|Any CPU = Debug|Any CPU
		Release|Any CPU = Release|Any CPU
	EndGlobalSection
	GlobalSection(ProjectConfigurationPlatforms) = postSolution
		{D153E53F-4499-4D01-89F2-8D86151C8061}.Debug|Any CPU.ActiveCfg = Debug|Any CPU
		{D153E53F-4499-4D01-89F2-8D86151C8061}.Debug|Any CPU.Build.0 = Debug|Any CPU
		{D153E53F-4499-4D01-89F2-8D86151C8061}.Release|Any CPU.ActiveCfg = Release|Any CPU
		{D153E53F-4499-4D01-89F2-8D86151C8061}.Release|Any CPU.Build.0 = Release|Any CPU
	EndGlobalSection
EndGlobal
